
Microsoft Visual Studio Solution File, Format Version 12.00
# Visual Studio 15
VisualStudioVersion = 15.0.28307.572
MinimumVisualStudioVersion = 10.0.40219.1
Project("{9A19103F-16F7-4668-BE54-9A1E7A4F7556}") = "Worchart.UI", "Worchart.UI\Worchart.UI.csproj", "{F8BA7409-B242-4ECF-8698-656198EAD3A5}"
EndProject
Project("{9A19103F-16F7-4668-BE54-9A1E7A4F7556}") = "Worchart.API", "Worchart.API\Worchart.API.csproj", "{B32FE337-A0B0-4B7B-B3B1-5FECED392A1C}"
EndProject
Project("{9A19103F-16F7-4668-BE54-9A1E7A4F7556}") = "Worchart.BL", "Worchart.BL\Worchart.BL.csproj", "{FC986F08-AEB2-4D96-8ECB-F8ED93667A2C}"
EndProject
Global
	GlobalSection(SolutionConfigurationPlatforms) = preSolution
		Debug|Any CPU = Debug|Any CPU
		Release|Any CPU = Release|Any CPU
	EndGlobalSection
	GlobalSection(ProjectConfigurationPlatforms) = postSolution
		{F8BA7409-B242-4ECF-8698-656198EAD3A5}.Debug|Any CPU.ActiveCfg = Debug|Any CPU
		{F8BA7409-B242-4ECF-8698-656198EAD3A5}.Debug|Any CPU.Build.0 = Debug|Any CPU
		{F8BA7409-B242-4ECF-8698-656198EAD3A5}.Release|Any CPU.ActiveCfg = Release|Any CPU
		{F8BA7409-B242-4ECF-8698-656198EAD3A5}.Release|Any CPU.Build.0 = Release|Any CPU
		{B32FE337-A0B0-4B7B-B3B1-5FECED392A1C}.Debug|Any CPU.ActiveCfg = Debug|Any CPU
		{B32FE337-A0B0-4B7B-B3B1-5FECED392A1C}.Debug|Any CPU.Build.0 = Debug|Any CPU
		{B32FE337-A0B0-4B7B-B3B1-5FECED392A1C}.Release|Any CPU.ActiveCfg = Release|Any CPU
		{B32FE337-A0B0-4B7B-B3B1-5FECED392A1C}.Release|Any CPU.Build.0 = Release|Any CPU
		{FC986F08-AEB2-4D96-8ECB-F8ED93667A2C}.Debug|Any CPU.ActiveCfg = Debug|Any CPU
		{FC986F08-AEB2-4D96-8ECB-F8ED93667A2C}.Debug|Any CPU.Build.0 = Debug|Any CPU
		{FC986F08-AEB2-4D96-8ECB-F8ED93667A2C}.Release|Any CPU.ActiveCfg = Release|Any CPU
		{FC986F08-AEB2-4D96-8ECB-F8ED93667A2C}.Release|Any CPU.Build.0 = Release|Any CPU
	EndGlobalSection
	GlobalSection(SolutionProperties) = preSolution
		HideSolutionNode = FALSE
	EndGlobalSection
	GlobalSection(ExtensibilityGlobals) = postSolution
		SolutionGuid = {D089564A-3E82-4939-8828-3CD9040B261A}
	EndGlobalSection
EndGlobal
